# This file is autogenerated, do not edit; changes may be undone by the next 'dep ensure'.


[[projects]]
  branch = "master"
  name = "github.com/casimir/xdg-go"
  packages = ["."]
  revision = "372ccc2180dab73316615641d5617c5ed3e35529"

[[projects]]
  name = "github.com/davecgh/go-spew"
  packages = ["spew"]
  revision = "346938d642f2ec3594ed81d874461961cd0faa76"
  version = "v1.1.0"

[[projects]]
  branch = "master"
  name = "github.com/gamegos/jsend"
  packages = ["."]
  revision = "f47e169f3d768aeab828e47649413b719372981f"

[[projects]]
  name = "github.com/go-chi/chi"
  packages = [".","middleware"]
  revision = "967844826e58cf31213a7dfb82455d242ad85101"
  version = "v3.0.0"

[[projects]]
  name = "github.com/go-chi/docgen"
  packages = ["."]
  revision = "4593a72b117bd2befd826648331c3b71603255cb"
  version = "v1.0.0"

[[projects]]
  branch = "master"
  name = "github.com/jawher/mow.cli"
  packages = ["."]
  revision = "a6088643acff58732aead67c465ed09c334c5697"

[[projects]]
  branch = "master"
  name = "github.com/jmoiron/sqlx"
  packages = [".","reflectx"]
  revision = "d9bd385d68c068f1fabb5057e3dedcbcbb039d0f"

[[projects]]
  branch = "master"
  name = "github.com/juju/errors"
  packages = ["."]
  revision = "c7d06af17c68cd34c835053720b21f6549d9b0ee"

[[projects]]
  branch = "master"
  name = "github.com/kopoli/go-util"
  packages = ["."]
  revision = "149c474a4767635b7feee088b2937ffe0b60eaad"

[[projects]]
  name = "github.com/mattn/go-sqlite3"
  packages = ["."]
  revision = "ca5e3819723d8eeaf170ad510e7da1d6d2e94a08"
  version = "v1.2.0"

[[projects]]
  name = "github.com/pmezard/go-difflib"
  packages = ["difflib"]
  revision = "792786c7400a136282c1664665ae0a8db921c6c2"
  version = "v1.0.0"

[[projects]]
  name = "github.com/stretchr/testify"
  packages = ["assert"]
  revision = "69483b4bd14f5845b5a1e55bca19e954e827f1d0"
  version = "v1.1.4"

[[projects]]
  branch = "master"
  name = "golang.org/x/net"
  packages = ["context"]
  revision = "ab5485076ff3407ad2d02db054635913f017b0ed"

[solve-meta]
  analyzer-name = "dep"
  analyzer-version = 1
  inputs-digest = "c7b22103c27d4697952743a435c07202007434e33760787711772df01c47428d"
  solver-name = "gps-cdcl"
  solver-version = 1
